// !$*UTF8*$!
{
	archiveVersion = 1;
	classes = {
	};
	objectVersion = 50;
	objects = {

/* Begin PBXBuildFile section */
		F15F838A24AE2412009D1F16 /* AppDelegate.swift in Sources */ = {isa = PBXBuildFile; fileRef = F15F838924AE2412009D1F16 /* AppDelegate.swift */; };
		F15F838C24AE2412009D1F16 /* SceneDelegate.swift in Sources */ = {isa = PBXBuildFile; fileRef = F15F838B24AE2412009D1F16 /* SceneDelegate.swift */; };
		F15F838E24AE2412009D1F16 /* ContentView.swift in Sources */ = {isa = PBXBuildFile; fileRef = F15F838D24AE2412009D1F16 /* ContentView.swift */; };
		F15F839024AE2413009D1F16 /* Assets.xcassets in Resources */ = {isa = PBXBuildFile; fileRef = F15F838F24AE2413009D1F16 /* Assets.xcassets */; };
		F15F839324AE2413009D1F16 /* Preview Assets.xcassets in Resources */ = {isa = PBXBuildFile; fileRef = F15F839224AE2413009D1F16 /* Preview Assets.xcassets */; };
		F15F839624AE2413009D1F16 /* LaunchScreen.storyboard in Resources */ = {isa = PBXBuildFile; fileRef = F15F839424AE2413009D1F16 /* LaunchScreen.storyboard */; };
		F15F839E24AE2493009D1F16 /* Hero.swift in Sources */ = {isa = PBXBuildFile; fileRef = F15F839D24AE2493009D1F16 /* Hero.swift */; };
		F15F83A024AE24D8009D1F16 /* DummyHeroes.swift in Sources */ = {isa = PBXBuildFile; fileRef = F15F839F24AE24D8009D1F16 /* DummyHeroes.swift */; };
		F15F83A524AE25F0009D1F16 /* HeroDetail.swift in Sources */ = {isa = PBXBuildFile; fileRef = F15F83A424AE25F0009D1F16 /* HeroDetail.swift */; };
		F15F83A724AE2600009D1F16 /* HeroList.swift in Sources */ = {isa = PBXBuildFile; fileRef = F15F83A624AE2600009D1F16 /* HeroList.swift */; };
		F15F83A924AE260D009D1F16 /* HeroRow.swift in Sources */ = {isa = PBXBuildFile; fileRef = F15F83A824AE260D009D1F16 /* HeroRow.swift */; };
/* End PBXBuildFile section */

/* Begin PBXFileReference section */
		F15F838624AE2412009D1F16 /* MyHeroWithSwiftUI.app */ = {isa = PBXFileReference; explicitFileType = wrapper.application; includeInIndex = 0; path = MyHeroWithSwiftUI.app; sourceTree = BUILT_PRODUCTS_DIR; };
		F15F838924AE2412009D1F16 /* AppDelegate.swift */ = {isa = PBXFileReference; lastKnownFileType = sourcecode.swift; path = AppDelegate.swift; sourceTree = "<group>"; };
		F15F838B24AE2412009D1F16 /* SceneDelegate.swift */ = {isa = PBXFileReference; lastKnownFileType = sourcecode.swift; path = SceneDelegate.swift; sourceTree = "<group>"; };
		F15F838D24AE2412009D1F16 /* ContentView.swift */ = {isa = PBXFileReference; lastKnownFileType = sourcecode.swift; path = ContentView.swift; sourceTree = "<group>"; };
		F15F838F24AE2413009D1F16 /* Assets.xcassets */ = {isa = PBXFileReference; lastKnownFileType = folder.assetcatalog; path = Assets.xcassets; sourceTree = "<group>"; };
		F15F839224AE2413009D1F16 /* Preview Assets.xcassets */ = {isa = PBXFileReference; lastKnownFileType = folder.assetcatalog; path = "Preview Assets.xcassets"; sourceTree = "<group>"; };
		F15F839524AE2413009D1F16 /* Base */ = {isa = PBXFileReference; lastKnownFileType = file.storyboard; name = Base; path = Base.lproj/LaunchScreen.storyboard; sourceTree = "<group>"; };
		F15F839724AE2413009D1F16 /* Info.plist */ = {isa = PBXFileReference; lastKnownFileType = text.plist.xml; path = Info.plist; sourceTree = "<group>"; };
		F15F839D24AE2493009D1F16 /* Hero.swift */ = {isa = PBXFileReference; lastKnownFileType = sourcecode.swift; path = Hero.swift; sourceTree = "<group>"; };
		F15F839F24AE24D8009D1F16 /* DummyHeroes.swift */ = {isa = PBXFileReference; lastKnownFileType = sourcecode.swift; path = DummyHeroes.swift; sourceTree = "<group>"; };
		F15F83A424AE25F0009D1F16 /* HeroDetail.swift */ = {isa = PBXFileReference; lastKnownFileType = sourcecode.swift; path = HeroDetail.swift; sourceTree = "<group>"; };
		F15F83A624AE2600009D1F16 /* HeroList.swift */ = {isa = PBXFileReference; lastKnownFileType = sourcecode.swift; path = HeroList.swift; sourceTree = "<group>"; };
		F15F83A824AE260D009D1F16 /* HeroRow.swift */ = {isa = PBXFileReference; lastKnownFileType = sourcecode.swift; path = HeroRow.swift; sourceTree = "<group>"; };
/* End PBXFileReference section */

/* Begin PBXFrameworksBuildPhase section */
		F15F838324AE2411009D1F16 /* Frameworks */ = {
			isa = PBXFrameworksBuildPhase;
			buildActionMask = 2147483647;
			files = (
			);
			runOnlyForDeploymentPostprocessing = 0;
		};
/* End PBXFrameworksBuildPhase section */

/* Begin PBXGroup section */
		F15F837D24AE2411009D1F16 = {
			isa = PBXGroup;
			children = (
				F15F838824AE2412009D1F16 /* MyHeroWithSwiftUI */,
				F15F838724AE2412009D1F16 /* Products */,
			);
			sourceTree = "<group>";
		};
		F15F838724AE2412009D1F16 /* Products */ = {
			isa = PBXGroup;
			children = (
				F15F838624AE2412009D1F16 /* MyHeroWithSwiftUI.app */,
			);
			name = Products;
			sourceTree = "<group>";
		};
		F15F838824AE2412009D1F16 /* MyHeroWithSwiftUI */ = {
			isa = PBXGroup;
			children = (
				F15F83A124AE255B009D1F16 /* Base */,
				F15F83A324AE2581009D1F16 /* Model */,
				F15F83A224AE2570009D1F16 /* View */,
				F15F838F24AE2413009D1F16 /* Assets.xcassets */,
				F15F839424AE2413009D1F16 /* LaunchScreen.storyboard */,
				F15F839724AE2413009D1F16 /* Info.plist */,
				F15F839124AE2413009D1F16 /* Preview Content */,
			);
			path = MyHeroWithSwiftUI;
			sourceTree = "<group>";
		};
		F15F839124AE2413009D1F16 /* Preview Content */ = {
			isa = PBXGroup;
			children = (
				F15F839224AE2413009D1F16 /* Preview Assets.xcassets */,
			);
			path = "Preview Content";
			sourceTree = "<group>";
		};
		F15F83A124AE255B009D1F16 /* Base */ = {
			isa = PBXGroup;
			children = (
				F15F838924AE2412009D1F16 /* AppDelegate.swift */,
				F15F838B24AE2412009D1F16 /* SceneDelegate.swift */,
			);
			path = Base;
			sourceTree = "<group>";
		};
		F15F83A224AE2570009D1F16 /* View */ = {
			isa = PBXGroup;
			children = (
				F15F838D24AE2412009D1F16 /* ContentView.swift */,
				F15F83A424AE25F0009D1F16 /* HeroDetail.swift */,
				F15F83A624AE2600009D1F16 /* HeroList.swift */,
				F15F83A824AE260D009D1F16 /* HeroRow.swift */,
			);
			path = View;
			sourceTree = "<group>";
		};
		F15F83A324AE2581009D1F16 /* Model */ = {
			isa = PBXGroup;
			children = (
				F15F839D24AE2493009D1F16 /* Hero.swift */,
				F15F839F24AE24D8009D1F16 /* DummyHeroes.swift */,
			);
			path = Model;
			sourceTree = "<group>";
		};
/* End PBXGroup section */

/* Begin PBXNativeTarget section */
		F15F838524AE2411009D1F16 /* MyHeroWithSwiftUI */ = {
			isa = PBXNativeTarget;
			buildConfigurationList = F15F839A24AE2413009D1F16 /* Build configuration list for PBXNativeTarget "MyHeroWithSwiftUI" */;
			buildPhases = (
				F15F838224AE2411009D1F16 /* Sources */,
				F15F838324AE2411009D1F16 /* Frameworks */,
				F15F838424AE2411009D1F16 /* Resources */,
			);
			buildRules = (
			);
			dependencies = (
			);
			name = MyHeroWithSwiftUI;
			productName = MyHeroWithSwiftUI;
			productReference = F15F838624AE2412009D1F16 /* MyHeroWithSwiftUI.app */;
			productType = "com.apple.product-type.application";
		};
/* End PBXNativeTarget section */

/* Begin PBXProject section */
		F15F837E24AE2411009D1F16 /* Project object */ = {
			isa = PBXProject;
			attributes = {
				LastSwiftUpdateCheck = 1150;
				LastUpgradeCheck = 1150;
				ORGANIZATIONNAME = "Dicoding Indonesia";
				TargetAttributes = {
					F15F838524AE2411009D1F16 = {
						CreatedOnToolsVersion = 11.5;
					};
				};
			};
			buildConfigurationList = F15F838124AE2411009D1F16 /* Build configuration list for PBXProject "MyHeroWithSwiftUI" */;
			compatibilityVersion = "Xcode 9.3";
			developmentRegion = en;
			hasScannedForEncodings = 0;
			knownRegions = (
				en,
				Base,
			);
			mainGroup = F15F837D24AE2411009D1F16;
			productRefGroup = F15F838724AE2412009D1F16 /* Products */;
			projectDirPath = "";
			projectRoot = "";
			targets = (
				F15F838524AE2411009D1F16 /* MyHeroWithSwiftUI */,
			);
		};
/* End PBXProject section */

/* Begin PBXResourcesBuildPhase section */
		F15F838424AE2411009D1F16 /* Resources */ = {
			isa = PBXResourcesBuildPhase;
			buildActionMask = 2147483647;
			files = (
				F15F839624AE2413009D1F16 /* LaunchScreen.storyboard in Resources */,
				F15F839324AE2413009D1F16 /* Preview Assets.xcassets in Resources */,
				F15F839024AE2413009D1F16 /* Assets.xcassets in Resources */,
			);
			runOnlyForDeploymentPostprocessing = 0;
		};
/* End PBXResourcesBuildPhase section */

/* Begin PBXSourcesBuildPhase section */
		F15F838224AE2411009D1F16 /* Sources */ = {
			isa = PBXSourcesBuildPhase;
			buildActionMask = 2147483647;
			files = (
				F15F838A24AE2412009D1F16 /* AppDelegate.swift in Sources */,
				F15F838C24AE2412009D1F16 /* SceneDelegate.swift in Sources */,
				F15F83A524AE25F0009D1F16 /* HeroDetail.swift in Sources */,
				F15F83A024AE24D8009D1F16 /* DummyHeroes.swift in Sources */,
				F15F83A724AE2600009D1F16 /* HeroList.swift in Sources */,
				F15F838E24AE2412009D1F16 /* ContentView.swift in Sources */,
				F15F83A924AE260D009D1F16 /* HeroRow.swift in Sources */,
				F15F839E24AE2493009D1F16 /* Hero.swift in Sources */,
			);
			runOnlyForDeploymentPostprocessing = 0;
		};
/* End PBXSourcesBuildPhase section */

/* Begin PBXVariantGroup section */
		F15F839424AE2413009D1F16 /* LaunchScreen.storyboard */ = {
			isa = PBXVariantGroup;
			children = (
				F15F839524AE2413009D1F16 /* Base */,
			);
			name = LaunchScreen.storyboard;
			sourceTree = "<group>";
		};
/* End PBXVariantGroup section */

/* Begin XCBuildConfiguration section */
		F15F839824AE2413009D1F16 /* Debug */ = {
			isa = XCBuildConfiguration;
			buildSettings = {
				ALWAYS_SEARCH_USER_PATHS = NO;
				CLANG_ANALYZER_NONNULL = YES;
				CLANG_ANALYZER_NUMBER_OBJECT_CONVERSION = YES_AGGRESSIVE;
				CLANG_CXX_LANGUAGE_STANDARD = "gnu++14";
				CLANG_CXX_LIBRARY = "libc++";
				CLANG_ENABLE_MODULES = YES;
				CLANG_ENABLE_OBJC_ARC = YES;
				CLANG_ENABLE_OBJC_WEAK = YES;
				CLANG_WARN_BLOCK_CAPTURE_AUTORELEASING = YES;
				CLANG_WARN_BOOL_CONVERSION = YES;
				CLANG_WARN_COMMA = YES;
				CLANG_WARN_CONSTANT_CONVERSION = YES;
				CLANG_WARN_DEPRECATED_OBJC_IMPLEMENTATIONS = YES;
				CLANG_WARN_DIRECT_OBJC_ISA_USAGE = YES_ERROR;
				CLANG_WARN_DOCUMENTATION_COMMENTS = YES;
				CLANG_WARN_EMPTY_BODY = YES;
				CLANG_WARN_ENUM_CONVERSION = YES;
				CLANG_WARN_INFINITE_RECURSION = YES;
				CLANG_WARN_INT_CONVERSION = YES;
				CLANG_WARN_NON_LITERAL_NULL_CONVERSION = YES;
				CLANG_WARN_OBJC_IMPLICIT_RETAIN_SELF = YES;
				CLANG_WARN_OBJC_LITERAL_CONVERSION = YES;
				CLANG_WARN_OBJC_ROOT_CLASS = YES_ERROR;
				CLANG_WARN_RANGE_LOOP_ANALYSIS = YES;
				CLANG_WARN_STRICT_PROTOTYPES = YES;
				CLANG_WARN_SUSPICIOUS_MOVE = YES;
				CLANG_WARN_UNGUARDED_AVAILABILITY = YES_AGGRESSIVE;
				CLANG_WARN_UNREACHABLE_CODE = YES;
				CLANG_WARN__DUPLICATE_METHOD_MATCH = YES;
				COPY_PHASE_STRIP = NO;
				DEBUG_INFORMATION_FORMAT = dwarf;
				ENABLE_STRICT_OBJC_MSGSEND = YES;
				ENABLE_TESTABILITY = YES;
				GCC_C_LANGUAGE_STANDARD = gnu11;
				GCC_DYNAMIC_NO_PIC = NO;
				GCC_NO_COMMON_BLOCKS = YES;
				GCC_OPTIMIZATION_LEVEL = 0;
				GCC_PREPROCESSOR_DEFINITIONS = (
					"DEBUG=1",
					"$(inherited)",
				);
				GCC_WARN_64_TO_32_BIT_CONVERSION = YES;
				GCC_WARN_ABOUT_RETURN_TYPE = YES_ERROR;
				GCC_WARN_UNDECLARED_SELECTOR = YES;
				GCC_WARN_UNINITIALIZED_AUTOS = YES_AGGRESSIVE;
				GCC_WARN_UNUSED_FUNCTION = YES;
				GCC_WARN_UNUSED_VARIABLE = YES;
				IPHONEOS_DEPLOYMENT_TARGET = 13.5;
				MTL_ENABLE_DEBUG_INFO = INCLUDE_SOURCE;
				MTL_FAST_MATH = YES;
				ONLY_ACTIVE_ARCH = YES;
				SDKROOT = iphoneos;
				SWIFT_ACTIVE_COMPILATION_CONDITIONS = DEBUG;
				SWIFT_OPTIMIZATION_LEVEL = "-Onone";
			};
			name = Debug;
		};
		F15F839924AE2413009D1F16 /* Release */ = {
			isa = XCBuildConfiguration;
			buildSettings = {
				ALWAYS_SEARCH_USER_PATHS = NO;
				CLANG_ANALYZER_NONNULL = YES;
				CLANG_ANALYZER_NUMBER_OBJECT_CONVERSION = YES_AGGRESSIVE;
				CLANG_CXX_LANGUAGE_STANDARD = "gnu++14";
				CLANG_CXX_LIBRARY = "libc++";
				CLANG_ENABLE_MODULES = YES;
				CLANG_ENABLE_OBJC_ARC = YES;
				CLANG_ENABLE_OBJC_WEAK = YES;
				CLANG_WARN_BLOCK_CAPTURE_AUTORELEASING = YES;
				CLANG_WARN_BOOL_CONVERSION = YES;
				CLANG_WARN_COMMA = YES;
				CLANG_WARN_CONSTANT_CONVERSION = YES;
				CLANG_WARN_DEPRECATED_OBJC_IMPLEMENTATIONS = YES;
				CLANG_WARN_DIRECT_OBJC_ISA_USAGE = YES_ERROR;
				CLANG_WARN_DOCUMENTATION_COMMENTS = YES;
				CLANG_WARN_EMPTY_BODY = YES;
				CLANG_WARN_ENUM_CONVERSION = YES;
				CLANG_WARN_INFINITE_RECURSION = YES;
				CLANG_WARN_INT_CONVERSION = YES;
				CLANG_WARN_NON_LITERAL_NULL_CONVERSION = YES;
				CLANG_WARN_OBJC_IMPLICIT_RETAIN_SELF = YES;
				CLANG_WARN_OBJC_LITERAL_CONVERSION = YES;
				CLANG_WARN_OBJC_ROOT_CLASS = YES_ERROR;
				CLANG_WARN_RANGE_LOOP_ANALYSIS = YES;
				CLANG_WARN_STRICT_PROTOTYPES = YES;
				CLANG_WARN_SUSPICIOUS_MOVE = YES;
				CLANG_WARN_UNGUARDED_AVAILABILITY = YES_AGGRESSIVE;
				CLANG_WARN_UNREACHABLE_CODE = YES;
				CLANG_WARN__DUPLICATE_METHOD_MATCH = YES;
				COPY_PHASE_STRIP = NO;
				DEBUG_INFORMATION_FORMAT = "dwarf-with-dsym";
				ENABLE_NS_ASSERTIONS = NO;
				ENABLE_STRICT_OBJC_MSGSEND = YES;
				GCC_C_LANGUAGE_STANDARD = gnu11;
				GCC_NO_COMMON_BLOCKS = YES;
				GCC_WARN_64_TO_32_BIT_CONVERSION = YES;
				GCC_WARN_ABOUT_RETURN_TYPE = YES_ERROR;
				GCC_WARN_UNDECLARED_SELECTOR = YES;
				GCC_WARN_UNINITIALIZED_AUTOS = YES_AGGRESSIVE;
				GCC_WARN_UNUSED_FUNCTION = YES;
				GCC_WARN_UNUSED_VARIABLE = YES;
				IPHONEOS_DEPLOYMENT_TARGET = 13.5;
				MTL_ENABLE_DEBUG_INFO = NO;
				MTL_FAST_MATH = YES;
				SDKROOT = iphoneos;
				SWIFT_COMPILATION_MODE = wholemodule;
				SWIFT_OPTIMIZATION_LEVEL = "-O";
				VALIDATE_PRODUCT = YES;
			};
			name = Release;
		};
		F15F839B24AE2413009D1F16 /* Debug */ = {
			isa = XCBuildConfiguration;
			buildSettings = {
				ASSETCATALOG_COMPILER_APPICON_NAME = AppIcon;
				CODE_SIGN_STYLE = Automatic;
				DEVELOPMENT_ASSET_PATHS = "\"MyHeroWithSwiftUI/Preview Content\"";
				DEVELOPMENT_TEAM = 6M5M727687;
				ENABLE_PREVIEWS = YES;
				INFOPLIST_FILE = MyHeroWithSwiftUI/Info.plist;
				LD_RUNPATH_SEARCH_PATHS = (
					"$(inherited)",
					"@executable_path/Frameworks",
				);
				PRODUCT_BUNDLE_IDENTIFIER = com.dicoding.academy.MyHeroWithSwiftUI;
				PRODUCT_NAME = "$(TARGET_NAME)";
				SWIFT_VERSION = 5.0;
				TARGETED_DEVICE_FAMILY = "1,2";
			};
			name = Debug;
		};
		F15F839C24AE2413009D1F16 /* Release */ = {
			isa = XCBuildConfiguration;
			buildSettings = {
				ASSETCATALOG_COMPILER_APPICON_NAME = AppIcon;
				CODE_SIGN_STYLE = Automatic;
				DEVELOPMENT_ASSET_PATHS = "\"MyHeroWithSwiftUI/Preview Content\"";
				DEVELOPMENT_TEAM = 6M5M727687;
				ENABLE_PREVIEWS = YES;
				INFOPLIST_FILE = MyHeroWithSwiftUI/Info.plist;
				LD_RUNPATH_SEARCH_PATHS = (
					"$(inherited)",
					"@executable_path/Frameworks",
				);
				PRODUCT_BUNDLE_IDENTIFIER = com.dicoding.academy.MyHeroWithSwiftUI;
				PRODUCT_NAME = "$(TARGET_NAME)";
				SWIFT_VERSION = 5.0;
				TARGETED_DEVICE_FAMILY = "1,2";
			};
			name = Release;
		};
/* End XCBuildConfiguration section */

/* Begin XCConfigurationList section */
		F15F838124AE2411009D1F16 /* Build configuration list for PBXProject "MyHeroWithSwiftUI" */ = {
			isa = XCConfigurationList;
			buildConfigurations = (
				F15F839824AE2413009D1F16 /* Debug */,
				F15F839924AE2413009D1F16 /* Release */,
			);
			defaultConfigurationIsVisible = 0;
			defaultConfigurationName = Release;
		};
		F15F839A24AE2413009D1F16 /* Build configuration list for PBXNativeTarget "MyHeroWithSwiftUI" */ = {
			isa = XCConfigurationList;
			buildConfigurations = (
				F15F839B24AE2413009D1F16 /* Debug */,
				F15F839C24AE2413009D1F16 /* Release */,
			);
			defaultConfigurationIsVisible = 0;
			defaultConfigurationName = Release;
		};
/* End XCConfigurationList section */
	};
	rootObject = F15F837E24AE2411009D1F16 /* Project object */;
}
